
Microsoft Visual Studio Solution File, Format Version 12.00
# Visual Studio Version 16
VisualStudioVersion = 16.0.30413.136
MinimumVisualStudioVersion = 10.0.40219.1
Project("{9A19103F-16F7-4668-BE54-9A1E7A4F7556}") = "Philips.Chatbots", "Philips.Chatbots\Philips.Chatbots.csproj", "{D0E1DA72-AB4F-4AFC-9224-364069E1D682}"
EndProject
Project("{9A19103F-16F7-4668-BE54-9A1E7A4F7556}") = "Philips.Chatbots.Web.Portal", "Philips.Chatbots.Web.Portal\Philips.Chatbots.Web.Portal.csproj", "{9CE46EBF-C82D-41B4-9E0D-870CB284A8A1}"
EndProject
Project("{9A19103F-16F7-4668-BE54-9A1E7A4F7556}") = "Philips.Chatbots.Database", "Philips.Chatbots.Database\Philips.Chatbots.Database.csproj", "{991C9120-AC62-4376-8AC5-AD2597658BF4}"
EndProject
Project("{9A19103F-16F7-4668-BE54-9A1E7A4F7556}") = "Philips.Chatbots.Common", "Philips.Chatbots.Common\Philips.Chatbots.Common.csproj", "{C4767CC6-35C9-48D8-8DEC-7091B2C169CD}"
EndProject
Project("{9A19103F-16F7-4668-BE54-9A1E7A4F7556}") = "Philips.Chatbots.Data.Models", "Philips.Chatbots.Data.Models\Philips.Chatbots.Data.Models.csproj", "{09F10A78-0F5A-4148-B30C-173B405BB7D6}"
EndProject
Project("{9A19103F-16F7-4668-BE54-9A1E7A4F7556}") = "Philips.Chatbots.Engine", "Philips.Chatbots.Engine\Philips.Chatbots.Engine.csproj", "{47853680-FADD-458A-B65D-7CD3E5EDC64B}"
EndProject
Project("{9A19103F-16F7-4668-BE54-9A1E7A4F7556}") = "Philips.Chatbots.Actions", "Philips.Chatbots.Actions\Philips.Chatbots.Actions.csproj", "{F0B5CC22-2BA6-4A2C-90F6-2BE14880AFB5}"
EndProject
Project("{9A19103F-16F7-4668-BE54-9A1E7A4F7556}") = "Philips.Chatbots.ML", "Philips.Chatbots.ML\Philips.Chatbots.ML.csproj", "{208AE3DA-F182-4EFC-85E7-84B3F34B0056}"
EndProject
Project("{2150E333-8FDC-42A3-9474-1A3956D46DE8}") = "Solution Items", "Solution Items", "{07CD1C2A-23B1-47EC-ACB5-851BBF9189DC}"
	ProjectSection(SolutionItems) = preProject
		.editorconfig = .editorconfig
	EndProjectSection
EndProject
Global
	GlobalSection(SolutionConfigurationPlatforms) = preSolution
		Debug|Any CPU = Debug|Any CPU
		Release|Any CPU = Release|Any CPU
	EndGlobalSection
	GlobalSection(ProjectConfigurationPlatforms) = postSolution
		{D0E1DA72-AB4F-4AFC-9224-364069E1D682}.Debug|Any CPU.ActiveCfg = Debug|Any CPU
		{D0E1DA72-AB4F-4AFC-9224-364069E1D682}.Debug|Any CPU.Build.0 = Debug|Any CPU
		{D0E1DA72-AB4F-4AFC-9224-364069E1D682}.Release|Any CPU.ActiveCfg = Release|Any CPU
		{D0E1DA72-AB4F-4AFC-9224-364069E1D682}.Release|Any CPU.Build.0 = Release|Any CPU
		{9CE46EBF-C82D-41B4-9E0D-870CB284A8A1}.Debug|Any CPU.ActiveCfg = Debug|Any CPU
		{9CE46EBF-C82D-41B4-9E0D-870CB284A8A1}.Debug|Any CPU.Build.0 = Debug|Any CPU
		{9CE46EBF-C82D-41B4-9E0D-870CB284A8A1}.Release|Any CPU.ActiveCfg = Release|Any CPU
		{9CE46EBF-C82D-41B4-9E0D-870CB284A8A1}.Release|Any CPU.Build.0 = Release|Any CPU
		{991C9120-AC62-4376-8AC5-AD2597658BF4}.Debug|Any CPU.ActiveCfg = Debug|Any CPU
		{991C9120-AC62-4376-8AC5-AD2597658BF4}.Debug|Any CPU.Build.0 = Debug|Any CPU
		{991C9120-AC62-4376-8AC5-AD2597658BF4}.Release|Any CPU.ActiveCfg = Release|Any CPU
		{991C9120-AC62-4376-8AC5-AD2597658BF4}.Release|Any CPU.Build.0 = Release|Any CPU
		{C4767CC6-35C9-48D8-8DEC-7091B2C169CD}.Debug|Any CPU.ActiveCfg = Debug|Any CPU
		{C4767CC6-35C9-48D8-8DEC-7091B2C169CD}.Debug|Any CPU.Build.0 = Debug|Any CPU
		{C4767CC6-35C9-48D8-8DEC-7091B2C169CD}.Release|Any CPU.ActiveCfg = Release|Any CPU
		{C4767CC6-35C9-48D8-8DEC-7091B2C169CD}.Release|Any CPU.Build.0 = Release|Any CPU
		{09F10A78-0F5A-4148-B30C-173B405BB7D6}.Debug|Any CPU.ActiveCfg = Debug|Any CPU
		{09F10A78-0F5A-4148-B30C-173B405BB7D6}.Debug|Any CPU.Build.0 = Debug|Any CPU
		{09F10A78-0F5A-4148-B30C-173B405BB7D6}.Release|Any CPU.ActiveCfg = Release|Any CPU
		{09F10A78-0F5A-4148-B30C-173B405BB7D6}.Release|Any CPU.Build.0 = Release|Any CPU
		{47853680-FADD-458A-B65D-7CD3E5EDC64B}.Debug|Any CPU.ActiveCfg = Debug|Any CPU
		{47853680-FADD-458A-B65D-7CD3E5EDC64B}.Debug|Any CPU.Build.0 = Debug|Any CPU
		{47853680-FADD-458A-B65D-7CD3E5EDC64B}.Release|Any CPU.ActiveCfg = Release|Any CPU
		{47853680-FADD-458A-B65D-7CD3E5EDC64B}.Release|Any CPU.Build.0 = Release|Any CPU
		{F0B5CC22-2BA6-4A2C-90F6-2BE14880AFB5}.Debug|Any CPU.ActiveCfg = Debug|Any CPU
		{F0B5CC22-2BA6-4A2C-90F6-2BE14880AFB5}.Debug|Any CPU.Build.0 = Debug|Any CPU
		{F0B5CC22-2BA6-4A2C-90F6-2BE14880AFB5}.Release|Any CPU.ActiveCfg = Release|Any CPU
		{F0B5CC22-2BA6-4A2C-90F6-2BE14880AFB5}.Release|Any CPU.Build.0 = Release|Any CPU
		{208AE3DA-F182-4EFC-85E7-84B3F34B0056}.Debug|Any CPU.ActiveCfg = Debug|Any CPU
		{208AE3DA-F182-4EFC-85E7-84B3F34B0056}.Debug|Any CPU.Build.0 = Debug|Any CPU
		{208AE3DA-F182-4EFC-85E7-84B3F34B0056}.Release|Any CPU.ActiveCfg = Release|Any CPU
		{208AE3DA-F182-4EFC-85E7-84B3F34B0056}.Release|Any CPU.Build.0 = Release|Any CPU
	EndGlobalSection
	GlobalSection(SolutionProperties) = preSolution
		HideSolutionNode = FALSE
	EndGlobalSection
	GlobalSection(ExtensibilityGlobals) = postSolution
		SolutionGuid = {1DACC979-2396-4EEB-992C-FCD74DBFF84E}
	EndGlobalSection
EndGlobal
